<?xml version="1.0" encoding="utf-8"?>
<Project ToolsVersion="4.0" xmlns="http://schemas.microsoft.com/developer/msbuild/2003">
  <ItemGroup>
    <Filter Include="Header Files">
      <UniqueIdentifier>{93995380-89BD-4b04-88EB-625FBE52EBFB}</UniqueIdentifier>
      <Extensions>h;hh;hpp;hxx;hm;inl;inc;xsd</Extensions>
    </Filter>
    <Filter Include="Resource Files">
      <UniqueIdentifier>{67DA6AB6-F800-4c08-8B7A-83BB121AAD01}</UniqueIdentifier>
      <Extensions>rc;ico;cur;bmp;dlg;rc2;rct;bin;rgs;gif;jpg;jpeg;jpe;resx;tiff;tif;png;wav;mfcribbon-ms</Extensions>
    </Filter>
    <Filter Include="Shader Files">
      <UniqueIdentifier>{88beb277-8393-4aa3-b234-2e996a3ba80b}</UniqueIdentifier>
    </Filter>
    <Filter Include="Shader Files\include">
      <UniqueIdentifier>{e5ca3bfe-271a-4114-bdac-1c165f1efb9d}</UniqueIdentifier>
    </Filter>
    <Filter Include="Shader Files\effects">
      <UniqueIdentifier>{17527fa1-1065-43ba-a08b-b72b8886bc74}</UniqueIdentifier>
    </Filter>
    <Filter Include="Source Files">
      <UniqueIdentifier>{4FC737F1-C7A5-4376-A066-2A32D752A2FF}</UniqueIdentifier>
      <Extensions>cpp;c;cc;cxx;def;odl;idl;hpj;bat;asm;asmx</Extensions>
    </Filter>
    <Filter Include="Shader Files\original">
      <UniqueIdentifier>{f3d82992-9c10-441a-aa5e-408490d21492}</UniqueIdentifier>
    </Filter>
  </ItemGroup>
  <ItemGroup>
    <ClCompile Include="FBX.cpp">
      <Filter>Source Files</Filter>
    </ClCompile>
    <ClCompile Include="Window.cpp">
      <Filter>Source Files</Filter>
    </ClCompile>
    <ClCompile Include="Geometry.cpp">
      <Filter>Source Files</Filter>
    </ClCompile>
    <ClCompile Include="Input.cpp">
      <Filter>Source Files</Filter>
    </ClCompile>
    <ClCompile Include="Camera.cpp">
      <Filter>Source Files</Filter>
    </ClCompile>
    <ClCompile Include="Player.cpp">
      <Filter>Source Files</Filter>
    </ClCompile>
    <ClCompile Include="Character.cpp">
      <Filter>Source Files</Filter>
    </ClCompile>
    <ClCompile Include="Hresult.cpp">
      <Filter>Source Files</Filter>
    </ClCompile>
    <ClCompile Include="Entity.cpp">
      <Filter>Source Files</Filter>
    </ClCompile>
    <ClCompile Include="Gameflow.cpp">
      <Filter>Source Files</Filter>
    </ClCompile>
    <ClCompile Include="Timer.cpp">
      <Filter>Source Files</Filter>
    </ClCompile>
    <ClCompile Include="Texture.cpp">
      <Filter>Source Files</Filter>
    </ClCompile>
    <ClCompile Include="Bullet.cpp">
      <Filter>Source Files</Filter>
    </ClCompile>
    <ClCompile Include="Core.cpp">
      <Filter>Source Files</Filter>
    </ClCompile>
    <ClCompile Include="Renderer.cpp">
      <Filter>Source Files</Filter>
    </ClCompile>
    <ClCompile Include="Step.cpp">
      <Filter>Source Files</Filter>
    </ClCompile>
    <ClCompile Include="Debug.cpp">
      <Filter>Source Files</Filter>
    </ClCompile>
    <ClCompile Include="CpuUsage.cpp">
      <Filter>Source Files</Filter>
    </ClCompile>
  </ItemGroup>
  <ItemGroup>
    <ClInclude Include="FBX.h">
      <Filter>Header Files</Filter>
    </ClInclude>
    <ClInclude Include="Warnings.h">
      <Filter>Header Files</Filter>
    </ClInclude>
    <ClInclude Include="pchfx.h">
      <Filter>Header Files</Filter>
    </ClInclude>
    <ClInclude Include="Geometry.h">
      <Filter>Header Files</Filter>
    </ClInclude>
    <ClInclude Include="Input.h">
      <Filter>Header Files</Filter>
    </ClInclude>
    <ClInclude Include="Camera.h">
      <Filter>Header Files</Filter>
    </ClInclude>
    <ClInclude Include="Player.h">
      <Filter>Header Files</Filter>
    </ClInclude>
    <ClInclude Include="Character.h">
      <Filter>Header Files</Filter>
    </ClInclude>
    <ClInclude Include="Hresult.h">
      <Filter>Header Files</Filter>
    </ClInclude>
    <ClInclude Include="Entity.h">
      <Filter>Header Files</Filter>
    </ClInclude>
    <ClInclude Include="DirectX.h">
      <Filter>Header Files</Filter>
    </ClInclude>
    <ClInclude Include="Gameflow.h">
      <Filter>Header Files</Filter>
    </ClInclude>
    <ClInclude Include="Param.h">
      <Filter>Header Files</Filter>
    </ClInclude>
    <ClInclude Include="SmartRelease.h">
      <Filter>Header Files</Filter>
    </ClInclude>
    <ClInclude Include="Timer.h">
      <Filter>Header Files</Filter>
    </ClInclude>
    <ClInclude Include="Texture.h">
      <Filter>Header Files</Filter>
    </ClInclude>
    <ClInclude Include="Bullet.h">
      <Filter>Header Files</Filter>
    </ClInclude>
    <ClInclude Include="Antimony.h">
      <Filter>Header Files</Filter>
    </ClInclude>
    <ClInclude Include="CpuUsage.h">
      <Filter>Header Files</Filter>
    </ClInclude>
  </ItemGroup>
  <ItemGroup>
    <None Include="..\Debug\Shaders\include\Quad.fxh">
      <Filter>Shader Files\include</Filter>
    </None>
    <None Include="..\Debug\Shaders\include\Warnings.fxh">
      <Filter>Shader Files\include</Filter>
    </None>
    <None Include="..\Debug\config.ini" />
  </ItemGroup>
  <ItemGroup>
    <FxCompile Include="..\Debug\Shaders\effects\toon3.fx">
      <Filter>Shader Files\effects</Filter>
    </FxCompile>
    <FxCompile Include="..\Debug\Shaders\effects\toon3_skinning.fx">
      <Filter>Shader Files\effects</Filter>
    </FxCompile>
    <FxCompile Include="..\Debug\Shaders\main.hlsl">
      <Filter>Shader Files</Filter>
    </FxCompile>
    <FxCompile Include="..\Debug\Shaders\plain.hlsl">
      <Filter>Shader Files</Filter>
    </FxCompile>
    <FxCompile Include="..\Debug\Shaders\test.hlsl">
      <Filter>Shader Files</Filter>
    </FxCompile>
    <FxCompile Include="..\Debug\Shaders\original\toon3_outline_ps.hlsl">
      <Filter>Shader Files\original</Filter>
    </FxCompile>
    <FxCompile Include="..\Debug\Shaders\original\toon3_outline_vs.hlsl">
      <Filter>Shader Files\original</Filter>
    </FxCompile>
    <FxCompile Include="..\Debug\Shaders\original\toon3_cel.hlsl">
      <Filter>Shader Files\original</Filter>
    </FxCompile>
    <FxCompile Include="..\Debug\Shaders\original\toon3_cel_ps.hlsl">
      <Filter>Shader Files\original</Filter>
    </FxCompile>
    <FxCompile Include="..\Debug\Shaders\original\toon3_cel_vs.hlsl">
      <Filter>Shader Files\original</Filter>
    </FxCompile>
    <FxCompile Include="..\Debug\Shaders\original\toon3_outline.hlsl">
      <Filter>Shader Files\original</Filter>
    </FxCompile>
  </ItemGroup>
</Project>